{
  "name": "test-ts-monorepo",
  "version": "1.0.0",
  "lockfileVersion": 3,
  "requires": true,
  "packages": {
    "": {
      "name": "test-ts-monorepo",
      "version": "1.0.0",
      "license": "ISC",
      "workspaces": [
        "packages/core",
        "packages/test",
        "packages/web",
        "packages/class",
        "packages/school"
      ],
      "devDependencies": {
        "typescript": "^5.6.3"
      }
    },
    "node_modules/@stephane-gis/class": {
      "resolved": "packages/class",
      "link": true
    },
    "node_modules/@stephane-gis/core": {
      "resolved": "packages/core",
      "link": true
    },
    "node_modules/@stephane-gis/school": {
      "resolved": "packages/school",
      "link": true
    },
    "node_modules/@stephane-gis/test": {
      "resolved": "packages/test",
      "link": true
    },
    "node_modules/@stephane-gis/web": {
      "resolved": "packages/web",
      "link": true
    },
    "node_modules/typescript": {
      "version": "5.6.3",
      "resolved": "https://registry.npmjs.org/typescript/-/typescript-5.6.3.tgz",
      "integrity": "sha512-hjcS1mhfuyi4WW8IWtjP7brDrG2cuDZukyrYrSauoXGNgx0S7zceP07adYkJycEr56BOUTNPzbInooiN3fn1qw==",
      "dev": true,
      "license": "Apache-2.0",
      "bin": {
        "tsc": "bin/tsc",
        "tsserver": "bin/tsserver"
      },
      "engines": {
        "node": ">=14.17"
      }
    },
    "packages/class": {
      "name": "@stephane-gis/class",
      "version": "1.0.0",
      "license": "ISC",
      "dependencies": {
        "@stephane-gis/core": "^1.0.0"
      }
    },
    "packages/core": {
      "name": "@stephane-gis/core",
      "version": "1.0.0",
      "license": "ISC",
      "devDependencies": {}
    },
    "packages/school": {
      "name": "@stephane-gis/school",
      "version": "1.0.0",
      "license": "ISC",
      "dependencies": {
        "@stephane-gis/class": "^1.0.0",
        "@stephane-gis/core": "^1.0.0"
      }
    },
    "packages/test": {
      "name": "@stephane-gis/test",
      "version": "1.0.0",
      "license": "ISC",
      "dependencies": {
        "@stephane-gis/core": "^1.0.0"
      }
    },
    "packages/web": {
      "name": "@stephane-gis/web",
      "version": "1.0.0",
      "license": "ISC",
      "dependencies": {
        "@stephane-gis/class": "^1.0.0",
        "@stephane-gis/core": "^1.0.0",
        "@stephane-gis/school": "^1.0.0"
      }
    }
  }
}
